// !$*UTF8*$!
{
	archiveVersion = 1;
	classes = {
	};
	objectVersion = 56;
	objects = {

/* Begin PBXBuildFile section */
		386029FC29E5535000835C60 /* Reachability.swift in Sources */ = {isa = PBXBuildFile; fileRef = 386029FB29E5535000835C60 /* Reachability.swift */; };
		386029FE29E553C300835C60 /* UserDefaultManager.swift in Sources */ = {isa = PBXBuildFile; fileRef = 386029FD29E553C300835C60 /* UserDefaultManager.swift */; };
		38602A0029E55C4F00835C60 /* CacheManager.swift in Sources */ = {isa = PBXBuildFile; fileRef = 386029FF29E55C4F00835C60 /* CacheManager.swift */; };
		38602A0229E5692400835C60 /* WeatherIconModel.swift in Sources */ = {isa = PBXBuildFile; fileRef = 38602A0129E5692400835C60 /* WeatherIconModel.swift */; };
		38602A0629E58DAD00835C60 /* Double+Extenstion.swift in Sources */ = {isa = PBXBuildFile; fileRef = 38602A0529E58DAD00835C60 /* Double+Extenstion.swift */; };
		38602A0929E5CEA700835C60 /* MockWeatherService.swift in Sources */ = {isa = PBXBuildFile; fileRef = 38602A0829E5CEA700835C60 /* MockWeatherService.swift */; };
		38602A0B29E5CF9A00835C60 /* MockLocationService.swift in Sources */ = {isa = PBXBuildFile; fileRef = 38602A0A29E5CF9A00835C60 /* MockLocationService.swift */; };
		38602A0D29E5D02D00835C60 /* MockDownloadImageService.swift in Sources */ = {isa = PBXBuildFile; fileRef = 38602A0C29E5D02D00835C60 /* MockDownloadImageService.swift */; };
		38602A1029E6311400835C60 /* HomeViewModelTests.swift in Sources */ = {isa = PBXBuildFile; fileRef = 38602A0F29E6311400835C60 /* HomeViewModelTests.swift */; };
		38602A1329E6325800835C60 /* MockUserDefaults.swift in Sources */ = {isa = PBXBuildFile; fileRef = 38602A1229E6325800835C60 /* MockUserDefaults.swift */; };
		38602A1529E6A75900835C60 /* TimeConverter.swift in Sources */ = {isa = PBXBuildFile; fileRef = 38602A1429E6A75900835C60 /* TimeConverter.swift */; };
		38602A1729E6AAC800835C60 /* RoundUpDouble.swift in Sources */ = {isa = PBXBuildFile; fileRef = 38602A1629E6AAC800835C60 /* RoundUpDouble.swift */; };
		38602A1A29E6CE1500835C60 /* SearchViewModelTests.swift in Sources */ = {isa = PBXBuildFile; fileRef = 38602A1929E6CE1500835C60 /* SearchViewModelTests.swift */; };
		387A000329E451DA00F90F33 /* WeatherAppTests.swift in Sources */ = {isa = PBXBuildFile; fileRef = 387A000229E451DA00F90F33 /* WeatherAppTests.swift */; };
		387A000D29E451DA00F90F33 /* WeatherAppUITests.swift in Sources */ = {isa = PBXBuildFile; fileRef = 387A000C29E451DA00F90F33 /* WeatherAppUITests.swift */; };
		387A000F29E451DA00F90F33 /* WeatherAppUITestsLaunchTests.swift in Sources */ = {isa = PBXBuildFile; fileRef = 387A000E29E451DA00F90F33 /* WeatherAppUITestsLaunchTests.swift */; };
		387A001D29E4526100F90F33 /* WeatherAppCoordinator.swift in Sources */ = {isa = PBXBuildFile; fileRef = 387A001C29E4526100F90F33 /* WeatherAppCoordinator.swift */; };
		387A002429E45E1300F90F33 /* CoordinatorBoard.swift in Sources */ = {isa = PBXBuildFile; fileRef = 387A002329E45E1300F90F33 /* CoordinatorBoard.swift */; };
		387A002629E45F8F00F90F33 /* SearchViewController.swift in Sources */ = {isa = PBXBuildFile; fileRef = 387A002529E45F8F00F90F33 /* SearchViewController.swift */; };
		387A002829E46B5800F90F33 /* HomeCoordinator.swift in Sources */ = {isa = PBXBuildFile; fileRef = 387A002729E46B5800F90F33 /* HomeCoordinator.swift */; };
		387A002B29E46CC500F90F33 /* SearchCoordinator.swift in Sources */ = {isa = PBXBuildFile; fileRef = 387A002A29E46CC500F90F33 /* SearchCoordinator.swift */; };
		387A003329E4702700F90F33 /* NetworkError.swift in Sources */ = {isa = PBXBuildFile; fileRef = 387A003229E4702700F90F33 /* NetworkError.swift */; };
		387A003529E4715400F90F33 /* APIService.swift in Sources */ = {isa = PBXBuildFile; fileRef = 387A003429E4715400F90F33 /* APIService.swift */; };
		387A003829E471C200F90F33 /* BaseService.swift in Sources */ = {isa = PBXBuildFile; fileRef = 387A003729E471C200F90F33 /* BaseService.swift */; };
		387A003A29E48AA400F90F33 /* WeatherService.swift in Sources */ = {isa = PBXBuildFile; fileRef = 387A003929E48AA400F90F33 /* WeatherService.swift */; };
		387A003E29E48C6900F90F33 /* WeatherDataModel.swift in Sources */ = {isa = PBXBuildFile; fileRef = 387A003D29E48C6900F90F33 /* WeatherDataModel.swift */; };
		387A004129E48E1E00F90F33 /* HomeModel.swift in Sources */ = {isa = PBXBuildFile; fileRef = 387A004029E48E1E00F90F33 /* HomeModel.swift */; };
		387A004329E4971E00F90F33 /* HomeViewModel.swift in Sources */ = {isa = PBXBuildFile; fileRef = 387A004229E4971E00F90F33 /* HomeViewModel.swift */; };
		387A004529E49B8900F90F33 /* DownloadImageService.swift in Sources */ = {isa = PBXBuildFile; fileRef = 387A004429E49B8900F90F33 /* DownloadImageService.swift */; };
		387A004729E49F2000F90F33 /* LocationService.swift in Sources */ = {isa = PBXBuildFile; fileRef = 387A004629E49F2000F90F33 /* LocationService.swift */; };
		387A004929E49FE300F90F33 /* LocationDataModel.swift in Sources */ = {isa = PBXBuildFile; fileRef = 387A004829E49FE300F90F33 /* LocationDataModel.swift */; };
		387A004B29E4A11600F90F33 /* SearchDataModel.swift in Sources */ = {isa = PBXBuildFile; fileRef = 387A004A29E4A11600F90F33 /* SearchDataModel.swift */; };
		387A004D29E51D2200F90F33 /* SearchViewModel.swift in Sources */ = {isa = PBXBuildFile; fileRef = 387A004C29E51D2200F90F33 /* SearchViewModel.swift */; };
		387AFFEC29E451D800F90F33 /* AppDelegate.swift in Sources */ = {isa = PBXBuildFile; fileRef = 387AFFEB29E451D800F90F33 /* AppDelegate.swift */; };
		387AFFEE29E451D800F90F33 /* SceneDelegate.swift in Sources */ = {isa = PBXBuildFile; fileRef = 387AFFED29E451D800F90F33 /* SceneDelegate.swift */; };
		387AFFF029E451D800F90F33 /* HomeViewController.swift in Sources */ = {isa = PBXBuildFile; fileRef = 387AFFEF29E451D800F90F33 /* HomeViewController.swift */; };
		387AFFF329E451D800F90F33 /* Main.storyboard in Resources */ = {isa = PBXBuildFile; fileRef = 387AFFF129E451D800F90F33 /* Main.storyboard */; };
		387AFFF529E451DA00F90F33 /* Assets.xcassets in Resources */ = {isa = PBXBuildFile; fileRef = 387AFFF429E451DA00F90F33 /* Assets.xcassets */; };
		387AFFF829E451DA00F90F33 /* LaunchScreen.storyboard in Resources */ = {isa = PBXBuildFile; fileRef = 387AFFF629E451DA00F90F33 /* LaunchScreen.storyboard */; };
/* End PBXBuildFile section */

/* Begin PBXContainerItemProxy section */
		387A000929E451DA00F90F33 /* PBXContainerItemProxy */ = {
			isa = PBXContainerItemProxy;
			containerPortal = 387AFFE029E451D800F90F33 /* Project object */;
			proxyType = 1;
			remoteGlobalIDString = 387AFFE729E451D800F90F33;
			remoteInfo = WeatherApp;
		};
		387AFFFF29E451DA00F90F33 /* PBXContainerItemProxy */ = {
			isa = PBXContainerItemProxy;
			containerPortal = 387AFFE029E451D800F90F33 /* Project object */;
			proxyType = 1;
			remoteGlobalIDString = 387AFFE729E451D800F90F33;
			remoteInfo = WeatherApp;
		};
/* End PBXContainerItemProxy section */

/* Begin PBXFileReference section */
		386029FB29E5535000835C60 /* Reachability.swift */ = {isa = PBXFileReference; lastKnownFileType = sourcecode.swift; path = Reachability.swift; sourceTree = "<group>"; };
		386029FD29E553C300835C60 /* UserDefaultManager.swift */ = {isa = PBXFileReference; lastKnownFileType = sourcecode.swift; path = UserDefaultManager.swift; sourceTree = "<group>"; };
		386029FF29E55C4F00835C60 /* CacheManager.swift */ = {isa = PBXFileReference; lastKnownFileType = sourcecode.swift; path = CacheManager.swift; sourceTree = "<group>"; };
		38602A0129E5692400835C60 /* WeatherIconModel.swift */ = {isa = PBXFileReference; lastKnownFileType = sourcecode.swift; path = WeatherIconModel.swift; sourceTree = "<group>"; };
		38602A0529E58DAD00835C60 /* Double+Extenstion.swift */ = {isa = PBXFileReference; lastKnownFileType = sourcecode.swift; path = "Double+Extenstion.swift"; sourceTree = "<group>"; };
		38602A0829E5CEA700835C60 /* MockWeatherService.swift */ = {isa = PBXFileReference; lastKnownFileType = sourcecode.swift; path = MockWeatherService.swift; sourceTree = "<group>"; };
		38602A0A29E5CF9A00835C60 /* MockLocationService.swift */ = {isa = PBXFileReference; lastKnownFileType = sourcecode.swift; path = MockLocationService.swift; sourceTree = "<group>"; };
		38602A0C29E5D02D00835C60 /* MockDownloadImageService.swift */ = {isa = PBXFileReference; lastKnownFileType = sourcecode.swift; path = MockDownloadImageService.swift; sourceTree = "<group>"; };
		38602A0F29E6311400835C60 /* HomeViewModelTests.swift */ = {isa = PBXFileReference; lastKnownFileType = sourcecode.swift; path = HomeViewModelTests.swift; sourceTree = "<group>"; };
		38602A1229E6325800835C60 /* MockUserDefaults.swift */ = {isa = PBXFileReference; lastKnownFileType = sourcecode.swift; path = MockUserDefaults.swift; sourceTree = "<group>"; };
		38602A1429E6A75900835C60 /* TimeConverter.swift */ = {isa = PBXFileReference; lastKnownFileType = sourcecode.swift; path = TimeConverter.swift; sourceTree = "<group>"; };
		38602A1629E6AAC800835C60 /* RoundUpDouble.swift */ = {isa = PBXFileReference; lastKnownFileType = sourcecode.swift; path = RoundUpDouble.swift; sourceTree = "<group>"; };
		38602A1929E6CE1500835C60 /* SearchViewModelTests.swift */ = {isa = PBXFileReference; lastKnownFileType = sourcecode.swift; path = SearchViewModelTests.swift; sourceTree = "<group>"; };
		387A000229E451DA00F90F33 /* WeatherAppTests.swift */ = {isa = PBXFileReference; lastKnownFileType = sourcecode.swift; path = WeatherAppTests.swift; sourceTree = "<group>"; };
		387A000829E451DA00F90F33 /* WeatherAppUITests.xctest */ = {isa = PBXFileReference; explicitFileType = wrapper.cfbundle; includeInIndex = 0; path = WeatherAppUITests.xctest; sourceTree = BUILT_PRODUCTS_DIR; };
		387A000C29E451DA00F90F33 /* WeatherAppUITests.swift */ = {isa = PBXFileReference; lastKnownFileType = sourcecode.swift; path = WeatherAppUITests.swift; sourceTree = "<group>"; };
		387A000E29E451DA00F90F33 /* WeatherAppUITestsLaunchTests.swift */ = {isa = PBXFileReference; lastKnownFileType = sourcecode.swift; path = WeatherAppUITestsLaunchTests.swift; sourceTree = "<group>"; };
		387A001C29E4526100F90F33 /* WeatherAppCoordinator.swift */ = {isa = PBXFileReference; lastKnownFileType = sourcecode.swift; path = WeatherAppCoordinator.swift; sourceTree = "<group>"; };
		387A002329E45E1300F90F33 /* CoordinatorBoard.swift */ = {isa = PBXFileReference; lastKnownFileType = sourcecode.swift; path = CoordinatorBoard.swift; sourceTree = "<group>"; };
		387A002529E45F8F00F90F33 /* SearchViewController.swift */ = {isa = PBXFileReference; lastKnownFileType = sourcecode.swift; path = SearchViewController.swift; sourceTree = "<group>"; };
		387A002729E46B5800F90F33 /* HomeCoordinator.swift */ = {isa = PBXFileReference; lastKnownFileType = sourcecode.swift; path = HomeCoordinator.swift; sourceTree = "<group>"; };
		387A002A29E46CC500F90F33 /* SearchCoordinator.swift */ = {isa = PBXFileReference; lastKnownFileType = sourcecode.swift; path = SearchCoordinator.swift; sourceTree = "<group>"; };
		387A003229E4702700F90F33 /* NetworkError.swift */ = {isa = PBXFileReference; lastKnownFileType = sourcecode.swift; path = NetworkError.swift; sourceTree = "<group>"; };
		387A003429E4715400F90F33 /* APIService.swift */ = {isa = PBXFileReference; lastKnownFileType = sourcecode.swift; path = APIService.swift; sourceTree = "<group>"; };
		387A003729E471C200F90F33 /* BaseService.swift */ = {isa = PBXFileReference; lastKnownFileType = sourcecode.swift; path = BaseService.swift; sourceTree = "<group>"; };
		387A003929E48AA400F90F33 /* WeatherService.swift */ = {isa = PBXFileReference; lastKnownFileType = sourcecode.swift; path = WeatherService.swift; sourceTree = "<group>"; };
		387A003D29E48C6900F90F33 /* WeatherDataModel.swift */ = {isa = PBXFileReference; lastKnownFileType = sourcecode.swift; path = WeatherDataModel.swift; sourceTree = "<group>"; };
		387A004029E48E1E00F90F33 /* HomeModel.swift */ = {isa = PBXFileReference; lastKnownFileType = sourcecode.swift; path = HomeModel.swift; sourceTree = "<group>"; };
		387A004229E4971E00F90F33 /* HomeViewModel.swift */ = {isa = PBXFileReference; lastKnownFileType = sourcecode.swift; path = HomeViewModel.swift; sourceTree = "<group>"; };
		387A004429E49B8900F90F33 /* DownloadImageService.swift */ = {isa = PBXFileReference; lastKnownFileType = sourcecode.swift; path = DownloadImageService.swift; sourceTree = "<group>"; };
		387A004629E49F2000F90F33 /* LocationService.swift */ = {isa = PBXFileReference; lastKnownFileType = sourcecode.swift; path = LocationService.swift; sourceTree = "<group>"; };
		387A004829E49FE300F90F33 /* LocationDataModel.swift */ = {isa = PBXFileReference; lastKnownFileType = sourcecode.swift; path = LocationDataModel.swift; sourceTree = "<group>"; };
		387A004A29E4A11600F90F33 /* SearchDataModel.swift */ = {isa = PBXFileReference; lastKnownFileType = sourcecode.swift; path = SearchDataModel.swift; sourceTree = "<group>"; };
		387A004C29E51D2200F90F33 /* SearchViewModel.swift */ = {isa = PBXFileReference; lastKnownFileType = sourcecode.swift; path = SearchViewModel.swift; sourceTree = "<group>"; };
		387AFFE829E451D800F90F33 /* WeatherApp.app */ = {isa = PBXFileReference; explicitFileType = wrapper.application; includeInIndex = 0; path = WeatherApp.app; sourceTree = BUILT_PRODUCTS_DIR; };
		387AFFEB29E451D800F90F33 /* AppDelegate.swift */ = {isa = PBXFileReference; lastKnownFileType = sourcecode.swift; path = AppDelegate.swift; sourceTree = "<group>"; };
		387AFFED29E451D800F90F33 /* SceneDelegate.swift */ = {isa = PBXFileReference; lastKnownFileType = sourcecode.swift; path = SceneDelegate.swift; sourceTree = "<group>"; };
		387AFFEF29E451D800F90F33 /* HomeViewController.swift */ = {isa = PBXFileReference; lastKnownFileType = sourcecode.swift; path = HomeViewController.swift; sourceTree = "<group>"; };
		387AFFF229E451D800F90F33 /* Base */ = {isa = PBXFileReference; lastKnownFileType = file.storyboard; name = Base; path = Base.lproj/Main.storyboard; sourceTree = "<group>"; };
		387AFFF429E451DA00F90F33 /* Assets.xcassets */ = {isa = PBXFileReference; lastKnownFileType = folder.assetcatalog; path = Assets.xcassets; sourceTree = "<group>"; };
		387AFFF729E451DA00F90F33 /* Base */ = {isa = PBXFileReference; lastKnownFileType = file.storyboard; name = Base; path = Base.lproj/LaunchScreen.storyboard; sourceTree = "<group>"; };
		387AFFF929E451DA00F90F33 /* Info.plist */ = {isa = PBXFileReference; lastKnownFileType = text.plist.xml; path = Info.plist; sourceTree = "<group>"; };
		387AFFFE29E451DA00F90F33 /* WeatherAppTests.xctest */ = {isa = PBXFileReference; explicitFileType = wrapper.cfbundle; includeInIndex = 0; path = WeatherAppTests.xctest; sourceTree = BUILT_PRODUCTS_DIR; };
/* End PBXFileReference section */

/* Begin PBXFrameworksBuildPhase section */
		387A000529E451DA00F90F33 /* Frameworks */ = {
			isa = PBXFrameworksBuildPhase;
			buildActionMask = 2147483647;
			files = (
			);
			runOnlyForDeploymentPostprocessing = 0;
		};
		387AFFE529E451D800F90F33 /* Frameworks */ = {
			isa = PBXFrameworksBuildPhase;
			buildActionMask = 2147483647;
			files = (
			);
			runOnlyForDeploymentPostprocessing = 0;
		};
		387AFFFB29E451DA00F90F33 /* Frameworks */ = {
			isa = PBXFrameworksBuildPhase;
			buildActionMask = 2147483647;
			files = (
			);
			runOnlyForDeploymentPostprocessing = 0;
		};
/* End PBXFrameworksBuildPhase section */

/* Begin PBXGroup section */
		386029F529E552CE00835C60 /* Utilities */ = {
			isa = PBXGroup;
			children = (
				386029FF29E55C4F00835C60 /* CacheManager.swift */,
				38602A0529E58DAD00835C60 /* Double+Extenstion.swift */,
				38602A1429E6A75900835C60 /* TimeConverter.swift */,
				386029FD29E553C300835C60 /* UserDefaultManager.swift */,
				386029FB29E5535000835C60 /* Reachability.swift */,
				38602A1629E6AAC800835C60 /* RoundUpDouble.swift */,
			);
			path = Utilities;
			sourceTree = "<group>";
		};
		38602A0729E5CE8400835C60 /* MockServices */ = {
			isa = PBXGroup;
			children = (
				38602A0829E5CEA700835C60 /* MockWeatherService.swift */,
				38602A0A29E5CF9A00835C60 /* MockLocationService.swift */,
				38602A0C29E5D02D00835C60 /* MockDownloadImageService.swift */,
			);
			path = MockServices;
			sourceTree = "<group>";
		};
		38602A0E29E630C300835C60 /* ViewModelTests */ = {
			isa = PBXGroup;
			children = (
				38602A0F29E6311400835C60 /* HomeViewModelTests.swift */,
				38602A1929E6CE1500835C60 /* SearchViewModelTests.swift */,
			);
			path = ViewModelTests;
			sourceTree = "<group>";
		};
		38602A1129E6323000835C60 /* MockUserDefalts */ = {
			isa = PBXGroup;
			children = (
				38602A1229E6325800835C60 /* MockUserDefaults.swift */,
			);
			path = MockUserDefalts;
			sourceTree = "<group>";
		};
		38602A1829E6BEE500835C60 /* Modules */ = {
			isa = PBXGroup;
			children = (
				387A001F29E455EB00F90F33 /* Home */,
				387A002029E4563700F90F33 /* Search */,
			);
			path = Modules;
			sourceTree = "<group>";
		};
		387A000129E451DA00F90F33 /* WeatherAppTests */ = {
			isa = PBXGroup;
			children = (
				38602A1129E6323000835C60 /* MockUserDefalts */,
				38602A0E29E630C300835C60 /* ViewModelTests */,
				38602A0729E5CE8400835C60 /* MockServices */,
				387A000229E451DA00F90F33 /* WeatherAppTests.swift */,
			);
			path = WeatherAppTests;
			sourceTree = "<group>";
		};
		387A000B29E451DA00F90F33 /* WeatherAppUITests */ = {
			isa = PBXGroup;
			children = (
				387A000C29E451DA00F90F33 /* WeatherAppUITests.swift */,
				387A000E29E451DA00F90F33 /* WeatherAppUITestsLaunchTests.swift */,
			);
			path = WeatherAppUITests;
			sourceTree = "<group>";
		};
		387A001B29E451F000F90F33 /* Coordinator */ = {
			isa = PBXGroup;
			children = (
				387A001C29E4526100F90F33 /* WeatherAppCoordinator.swift */,
				387A002329E45E1300F90F33 /* CoordinatorBoard.swift */,
			);
			path = Coordinator;
			sourceTree = "<group>";
		};
		387A001F29E455EB00F90F33 /* Home */ = {
			isa = PBXGroup;
			children = (
				387A003F29E48E0D00F90F33 /* Model */,
				387A003029E46F0300F90F33 /* View */,
				387A002F29E46EF800F90F33 /* ViewModel */,
			);
			path = Home;
			sourceTree = "<group>";
		};
		387A002029E4563700F90F33 /* Search */ = {
			isa = PBXGroup;
			children = (
				387A002E29E46ED300F90F33 /* Model */,
				387A002C29E46EAC00F90F33 /* View */,
				387A002D29E46EC800F90F33 /* ViewModel */,
			);
			path = Search;
			sourceTree = "<group>";
		};
		387A002129E4565700F90F33 /* Network */ = {
			isa = PBXGroup;
			children = (
				387A003C29E48C4900F90F33 /* Model */,
				387A003B29E48C3700F90F33 /* Services */,
				387A003129E4700A00F90F33 /* NetworkError */,
			);
			path = Network;
			sourceTree = "<group>";
		};
		387A002C29E46EAC00F90F33 /* View */ = {
			isa = PBXGroup;
			children = (
				387A002A29E46CC500F90F33 /* SearchCoordinator.swift */,
				387A002529E45F8F00F90F33 /* SearchViewController.swift */,
			);
			path = View;
			sourceTree = "<group>";
		};
		387A002D29E46EC800F90F33 /* ViewModel */ = {
			isa = PBXGroup;
			children = (
				387A004C29E51D2200F90F33 /* SearchViewModel.swift */,
			);
			path = ViewModel;
			sourceTree = "<group>";
		};
		387A002E29E46ED300F90F33 /* Model */ = {
			isa = PBXGroup;
			children = (
				387A004A29E4A11600F90F33 /* SearchDataModel.swift */,
			);
			path = Model;
			sourceTree = "<group>";
		};
		387A002F29E46EF800F90F33 /* ViewModel */ = {
			isa = PBXGroup;
			children = (
				387A004229E4971E00F90F33 /* HomeViewModel.swift */,
			);
			path = ViewModel;
			sourceTree = "<group>";
		};
		387A003029E46F0300F90F33 /* View */ = {
			isa = PBXGroup;
			children = (
				387A002729E46B5800F90F33 /* HomeCoordinator.swift */,
				387AFFEF29E451D800F90F33 /* HomeViewController.swift */,
			);
			path = View;
			sourceTree = "<group>";
		};
		387A003129E4700A00F90F33 /* NetworkError */ = {
			isa = PBXGroup;
			children = (
				387A003229E4702700F90F33 /* NetworkError.swift */,
			);
			path = NetworkError;
			sourceTree = "<group>";
		};
		387A003B29E48C3700F90F33 /* Services */ = {
			isa = PBXGroup;
			children = (
				387A003929E48AA400F90F33 /* WeatherService.swift */,
				387A004429E49B8900F90F33 /* DownloadImageService.swift */,
				387A004629E49F2000F90F33 /* LocationService.swift */,
				387A003429E4715400F90F33 /* APIService.swift */,
				387A003729E471C200F90F33 /* BaseService.swift */,
			);
			path = Services;
			sourceTree = "<group>";
		};
		387A003C29E48C4900F90F33 /* Model */ = {
			isa = PBXGroup;
			children = (
				387A003D29E48C6900F90F33 /* WeatherDataModel.swift */,
				387A004829E49FE300F90F33 /* LocationDataModel.swift */,
			);
			path = Model;
			sourceTree = "<group>";
		};
		387A003F29E48E0D00F90F33 /* Model */ = {
			isa = PBXGroup;
			children = (
				38602A0129E5692400835C60 /* WeatherIconModel.swift */,
				387A004029E48E1E00F90F33 /* HomeModel.swift */,
			);
			path = Model;
			sourceTree = "<group>";
		};
		387AFFDF29E451D800F90F33 = {
			isa = PBXGroup;
			children = (
				387AFFEA29E451D800F90F33 /* WeatherApp */,
				387A000129E451DA00F90F33 /* WeatherAppTests */,
				387A000B29E451DA00F90F33 /* WeatherAppUITests */,
				387AFFE929E451D800F90F33 /* Products */,
			);
			sourceTree = "<group>";
		};
		387AFFE929E451D800F90F33 /* Products */ = {
			isa = PBXGroup;
			children = (
				387AFFE829E451D800F90F33 /* WeatherApp.app */,
				387AFFFE29E451DA00F90F33 /* WeatherAppTests.xctest */,
				387A000829E451DA00F90F33 /* WeatherAppUITests.xctest */,
			);
			name = Products;
			sourceTree = "<group>";
		};
		387AFFEA29E451D800F90F33 /* WeatherApp */ = {
			isa = PBXGroup;
			children = (
				387AFFEB29E451D800F90F33 /* AppDelegate.swift */,
				387AFFED29E451D800F90F33 /* SceneDelegate.swift */,
				38602A1829E6BEE500835C60 /* Modules */,
				387A001B29E451F000F90F33 /* Coordinator */,
				387A002129E4565700F90F33 /* Network */,
				386029F529E552CE00835C60 /* Utilities */,
				387AFFF129E451D800F90F33 /* Main.storyboard */,
				387AFFF429E451DA00F90F33 /* Assets.xcassets */,
				387AFFF629E451DA00F90F33 /* LaunchScreen.storyboard */,
				387AFFF929E451DA00F90F33 /* Info.plist */,
			);
			path = WeatherApp;
			sourceTree = "<group>";
		};
/* End PBXGroup section */

/* Begin PBXNativeTarget section */
		387A000729E451DA00F90F33 /* WeatherAppUITests */ = {
			isa = PBXNativeTarget;
			buildConfigurationList = 387A001829E451DA00F90F33 /* Build configuration list for PBXNativeTarget "WeatherAppUITests" */;
			buildPhases = (
				387A000429E451DA00F90F33 /* Sources */,
				387A000529E451DA00F90F33 /* Frameworks */,
				387A000629E451DA00F90F33 /* Resources */,
			);
			buildRules = (
			);
			dependencies = (
				387A000A29E451DA00F90F33 /* PBXTargetDependency */,
			);
			name = WeatherAppUITests;
			productName = WeatherAppUITests;
			productReference = 387A000829E451DA00F90F33 /* WeatherAppUITests.xctest */;
			productType = "com.apple.product-type.bundle.ui-testing";
		};
		387AFFE729E451D800F90F33 /* WeatherApp */ = {
			isa = PBXNativeTarget;
			buildConfigurationList = 387A001229E451DA00F90F33 /* Build configuration list for PBXNativeTarget "WeatherApp" */;
			buildPhases = (
				387AFFE429E451D800F90F33 /* Sources */,
				387AFFE529E451D800F90F33 /* Frameworks */,
				387AFFE629E451D800F90F33 /* Resources */,
			);
			buildRules = (
			);
			dependencies = (
			);
			name = WeatherApp;
			productName = WeatherApp;
			productReference = 387AFFE829E451D800F90F33 /* WeatherApp.app */;
			productType = "com.apple.product-type.application";
		};
		387AFFFD29E451DA00F90F33 /* WeatherAppTests */ = {
			isa = PBXNativeTarget;
			buildConfigurationList = 387A001529E451DA00F90F33 /* Build configuration list for PBXNativeTarget "WeatherAppTests" */;
			buildPhases = (
				387AFFFA29E451DA00F90F33 /* Sources */,
				387AFFFB29E451DA00F90F33 /* Frameworks */,
				387AFFFC29E451DA00F90F33 /* Resources */,
			);
			buildRules = (
			);
			dependencies = (
				387A000029E451DA00F90F33 /* PBXTargetDependency */,
			);
			name = WeatherAppTests;
			productName = WeatherAppTests;
			productReference = 387AFFFE29E451DA00F90F33 /* WeatherAppTests.xctest */;
			productType = "com.apple.product-type.bundle.unit-test";
		};
/* End PBXNativeTarget section */

/* Begin PBXProject section */
		387AFFE029E451D800F90F33 /* Project object */ = {
			isa = PBXProject;
			attributes = {
				BuildIndependentTargetsInParallel = 1;
				LastSwiftUpdateCheck = 1420;
				LastUpgradeCheck = 1420;
				TargetAttributes = {
					387A000729E451DA00F90F33 = {
						CreatedOnToolsVersion = 14.2;
						TestTargetID = 387AFFE729E451D800F90F33;
					};
					387AFFE729E451D800F90F33 = {
						CreatedOnToolsVersion = 14.2;
					};
					387AFFFD29E451DA00F90F33 = {
						CreatedOnToolsVersion = 14.2;
						TestTargetID = 387AFFE729E451D800F90F33;
					};
				};
			};
			buildConfigurationList = 387AFFE329E451D800F90F33 /* Build configuration list for PBXProject "WeatherApp" */;
			compatibilityVersion = "Xcode 14.0";
			developmentRegion = en;
			hasScannedForEncodings = 0;
			knownRegions = (
				en,
				Base,
			);
			mainGroup = 387AFFDF29E451D800F90F33;
			productRefGroup = 387AFFE929E451D800F90F33 /* Products */;
			projectDirPath = "";
			projectRoot = "";
			targets = (
				387AFFE729E451D800F90F33 /* WeatherApp */,
				387AFFFD29E451DA00F90F33 /* WeatherAppTests */,
				387A000729E451DA00F90F33 /* WeatherAppUITests */,
			);
		};
/* End PBXProject section */

/* Begin PBXResourcesBuildPhase section */
		387A000629E451DA00F90F33 /* Resources */ = {
			isa = PBXResourcesBuildPhase;
			buildActionMask = 2147483647;
			files = (
			);
			runOnlyForDeploymentPostprocessing = 0;
		};
		387AFFE629E451D800F90F33 /* Resources */ = {
			isa = PBXResourcesBuildPhase;
			buildActionMask = 2147483647;
			files = (
				387AFFF829E451DA00F90F33 /* LaunchScreen.storyboard in Resources */,
				387AFFF529E451DA00F90F33 /* Assets.xcassets in Resources */,
				387AFFF329E451D800F90F33 /* Main.storyboard in Resources */,
			);
			runOnlyForDeploymentPostprocessing = 0;
		};
		387AFFFC29E451DA00F90F33 /* Resources */ = {
			isa = PBXResourcesBuildPhase;
			buildActionMask = 2147483647;
			files = (
			);
			runOnlyForDeploymentPostprocessing = 0;
		};
/* End PBXResourcesBuildPhase section */

/* Begin PBXSourcesBuildPhase section */
		387A000429E451DA00F90F33 /* Sources */ = {
			isa = PBXSourcesBuildPhase;
			buildActionMask = 2147483647;
			files = (
				387A000D29E451DA00F90F33 /* WeatherAppUITests.swift in Sources */,
				387A000F29E451DA00F90F33 /* WeatherAppUITestsLaunchTests.swift in Sources */,
			);
			runOnlyForDeploymentPostprocessing = 0;
		};
		387AFFE429E451D800F90F33 /* Sources */ = {
			isa = PBXSourcesBuildPhase;
			buildActionMask = 2147483647;
			files = (
				387A004929E49FE300F90F33 /* LocationDataModel.swift in Sources */,
				387A002629E45F8F00F90F33 /* SearchViewController.swift in Sources */,
				38602A1729E6AAC800835C60 /* RoundUpDouble.swift in Sources */,
				387A004529E49B8900F90F33 /* DownloadImageService.swift in Sources */,
				387AFFF029E451D800F90F33 /* HomeViewController.swift in Sources */,
				387A004129E48E1E00F90F33 /* HomeModel.swift in Sources */,
				387AFFEC29E451D800F90F33 /* AppDelegate.swift in Sources */,
				387A004D29E51D2200F90F33 /* SearchViewModel.swift in Sources */,
				387A004729E49F2000F90F33 /* LocationService.swift in Sources */,
				387A003529E4715400F90F33 /* APIService.swift in Sources */,
				387AFFEE29E451D800F90F33 /* SceneDelegate.swift in Sources */,
				38602A0029E55C4F00835C60 /* CacheManager.swift in Sources */,
				387A002B29E46CC500F90F33 /* SearchCoordinator.swift in Sources */,
				387A001D29E4526100F90F33 /* WeatherAppCoordinator.swift in Sources */,
				387A003329E4702700F90F33 /* NetworkError.swift in Sources */,
				387A003E29E48C6900F90F33 /* WeatherDataModel.swift in Sources */,
				386029FC29E5535000835C60 /* Reachability.swift in Sources */,
				387A002829E46B5800F90F33 /* HomeCoordinator.swift in Sources */,
				387A002429E45E1300F90F33 /* CoordinatorBoard.swift in Sources */,
				386029FE29E553C300835C60 /* UserDefaultManager.swift in Sources */,
				38602A0229E5692400835C60 /* WeatherIconModel.swift in Sources */,
				38602A1529E6A75900835C60 /* TimeConverter.swift in Sources */,
				387A003A29E48AA400F90F33 /* WeatherService.swift in Sources */,
				387A004B29E4A11600F90F33 /* SearchDataModel.swift in Sources */,
				387A004329E4971E00F90F33 /* HomeViewModel.swift in Sources */,
				38602A0629E58DAD00835C60 /* Double+Extenstion.swift in Sources */,
				387A003829E471C200F90F33 /* BaseService.swift in Sources */,
			);
			runOnlyForDeploymentPostprocessing = 0;
		};
		387AFFFA29E451DA00F90F33 /* Sources */ = {
			isa = PBXSourcesBuildPhase;
			buildActionMask = 2147483647;
			files = (
				38602A1029E6311400835C60 /* HomeViewModelTests.swift in Sources */,
				38602A0B29E5CF9A00835C60 /* MockLocationService.swift in Sources */,
				38602A1329E6325800835C60 /* MockUserDefaults.swift in Sources */,
				38602A0929E5CEA700835C60 /* MockWeatherService.swift in Sources */,
				387A000329E451DA00F90F33 /* WeatherAppTests.swift in Sources */,
				38602A1A29E6CE1500835C60 /* SearchViewModelTests.swift in Sources */,
				38602A0D29E5D02D00835C60 /* MockDownloadImageService.swift in Sources */,
			);
			runOnlyForDeploymentPostprocessing = 0;
		};
/* End PBXSourcesBuildPhase section */

/* Begin PBXTargetDependency section */
		387A000029E451DA00F90F33 /* PBXTargetDependency */ = {
			isa = PBXTargetDependency;
			target = 387AFFE729E451D800F90F33 /* WeatherApp */;
			targetProxy = 387AFFFF29E451DA00F90F33 /* PBXContainerItemProxy */;
		};
		387A000A29E451DA00F90F33 /* PBXTargetDependency */ = {
			isa = PBXTargetDependency;
			target = 387AFFE729E451D800F90F33 /* WeatherApp */;
			targetProxy = 387A000929E451DA00F90F33 /* PBXContainerItemProxy */;
		};
/* End PBXTargetDependency section */

/* Begin PBXVariantGroup section */
		387AFFF129E451D800F90F33 /* Main.storyboard */ = {
			isa = PBXVariantGroup;
			children = (
				387AFFF229E451D800F90F33 /* Base */,
			);
			name = Main.storyboard;
			sourceTree = "<group>";
		};
		387AFFF629E451DA00F90F33 /* LaunchScreen.storyboard */ = {
			isa = PBXVariantGroup;
			children = (
				387AFFF729E451DA00F90F33 /* Base */,
			);
			name = LaunchScreen.storyboard;
			sourceTree = "<group>";
		};
/* End PBXVariantGroup section */

/* Begin XCBuildConfiguration section */
		387A001029E451DA00F90F33 /* Debug */ = {
			isa = XCBuildConfiguration;
			buildSettings = {
				ALWAYS_SEARCH_USER_PATHS = NO;
				CLANG_ANALYZER_NONNULL = YES;
				CLANG_ANALYZER_NUMBER_OBJECT_CONVERSION = YES_AGGRESSIVE;
				CLANG_CXX_LANGUAGE_STANDARD = "gnu++20";
				CLANG_ENABLE_MODULES = YES;
				CLANG_ENABLE_OBJC_ARC = YES;
				CLANG_ENABLE_OBJC_WEAK = YES;
				CLANG_WARN_BLOCK_CAPTURE_AUTORELEASING = YES;
				CLANG_WARN_BOOL_CONVERSION = YES;
				CLANG_WARN_COMMA = YES;
				CLANG_WARN_CONSTANT_CONVERSION = YES;
				CLANG_WARN_DEPRECATED_OBJC_IMPLEMENTATIONS = YES;
				CLANG_WARN_DIRECT_OBJC_ISA_USAGE = YES_ERROR;
				CLANG_WARN_DOCUMENTATION_COMMENTS = YES;
				CLANG_WARN_EMPTY_BODY = YES;
				CLANG_WARN_ENUM_CONVERSION = YES;
				CLANG_WARN_INFINITE_RECURSION = YES;
				CLANG_WARN_INT_CONVERSION = YES;
				CLANG_WARN_NON_LITERAL_NULL_CONVERSION = YES;
				CLANG_WARN_OBJC_IMPLICIT_RETAIN_SELF = YES;
				CLANG_WARN_OBJC_LITERAL_CONVERSION = YES;
				CLANG_WARN_OBJC_ROOT_CLASS = YES_ERROR;
				CLANG_WARN_QUOTED_INCLUDE_IN_FRAMEWORK_HEADER = YES;
				CLANG_WARN_RANGE_LOOP_ANALYSIS = YES;
				CLANG_WARN_STRICT_PROTOTYPES = YES;
				CLANG_WARN_SUSPICIOUS_MOVE = YES;
				CLANG_WARN_UNGUARDED_AVAILABILITY = YES_AGGRESSIVE;
				CLANG_WARN_UNREACHABLE_CODE = YES;
				CLANG_WARN__DUPLICATE_METHOD_MATCH = YES;
				COPY_PHASE_STRIP = NO;
				DEBUG_INFORMATION_FORMAT = dwarf;
				ENABLE_STRICT_OBJC_MSGSEND = YES;
				ENABLE_TESTABILITY = YES;
				GCC_C_LANGUAGE_STANDARD = gnu11;
				GCC_DYNAMIC_NO_PIC = NO;
				GCC_NO_COMMON_BLOCKS = YES;
				GCC_OPTIMIZATION_LEVEL = 0;
				GCC_PREPROCESSOR_DEFINITIONS = (
					"DEBUG=1",
					"$(inherited)",
				);
				GCC_WARN_64_TO_32_BIT_CONVERSION = YES;
				GCC_WARN_ABOUT_RETURN_TYPE = YES_ERROR;
				GCC_WARN_UNDECLARED_SELECTOR = YES;
				GCC_WARN_UNINITIALIZED_AUTOS = YES_AGGRESSIVE;
				GCC_WARN_UNUSED_FUNCTION = YES;
				GCC_WARN_UNUSED_VARIABLE = YES;
				IPHONEOS_DEPLOYMENT_TARGET = 16.2;
				MTL_ENABLE_DEBUG_INFO = INCLUDE_SOURCE;
				MTL_FAST_MATH = YES;
				ONLY_ACTIVE_ARCH = YES;
				SDKROOT = iphoneos;
				SWIFT_ACTIVE_COMPILATION_CONDITIONS = DEBUG;
				SWIFT_OPTIMIZATION_LEVEL = "-Onone";
			};
			name = Debug;
		};
		387A001129E451DA00F90F33 /* Release */ = {
			isa = XCBuildConfiguration;
			buildSettings = {
				ALWAYS_SEARCH_USER_PATHS = NO;
				CLANG_ANALYZER_NONNULL = YES;
				CLANG_ANALYZER_NUMBER_OBJECT_CONVERSION = YES_AGGRESSIVE;
				CLANG_CXX_LANGUAGE_STANDARD = "gnu++20";
				CLANG_ENABLE_MODULES = YES;
				CLANG_ENABLE_OBJC_ARC = YES;
				CLANG_ENABLE_OBJC_WEAK = YES;
				CLANG_WARN_BLOCK_CAPTURE_AUTORELEASING = YES;
				CLANG_WARN_BOOL_CONVERSION = YES;
				CLANG_WARN_COMMA = YES;
				CLANG_WARN_CONSTANT_CONVERSION = YES;
				CLANG_WARN_DEPRECATED_OBJC_IMPLEMENTATIONS = YES;
				CLANG_WARN_DIRECT_OBJC_ISA_USAGE = YES_ERROR;
				CLANG_WARN_DOCUMENTATION_COMMENTS = YES;
				CLANG_WARN_EMPTY_BODY = YES;
				CLANG_WARN_ENUM_CONVERSION = YES;
				CLANG_WARN_INFINITE_RECURSION = YES;
				CLANG_WARN_INT_CONVERSION = YES;
				CLANG_WARN_NON_LITERAL_NULL_CONVERSION = YES;
				CLANG_WARN_OBJC_IMPLICIT_RETAIN_SELF = YES;
				CLANG_WARN_OBJC_LITERAL_CONVERSION = YES;
				CLANG_WARN_OBJC_ROOT_CLASS = YES_ERROR;
				CLANG_WARN_QUOTED_INCLUDE_IN_FRAMEWORK_HEADER = YES;
				CLANG_WARN_RANGE_LOOP_ANALYSIS = YES;
				CLANG_WARN_STRICT_PROTOTYPES = YES;
				CLANG_WARN_SUSPICIOUS_MOVE = YES;
				CLANG_WARN_UNGUARDED_AVAILABILITY = YES_AGGRESSIVE;
				CLANG_WARN_UNREACHABLE_CODE = YES;
				CLANG_WARN__DUPLICATE_METHOD_MATCH = YES;
				COPY_PHASE_STRIP = NO;
				DEBUG_INFORMATION_FORMAT = "dwarf-with-dsym";
				ENABLE_NS_ASSERTIONS = NO;
				ENABLE_STRICT_OBJC_MSGSEND = YES;
				GCC_C_LANGUAGE_STANDARD = gnu11;
				GCC_NO_COMMON_BLOCKS = YES;
				GCC_WARN_64_TO_32_BIT_CONVERSION = YES;
				GCC_WARN_ABOUT_RETURN_TYPE = YES_ERROR;
				GCC_WARN_UNDECLARED_SELECTOR = YES;
				GCC_WARN_UNINITIALIZED_AUTOS = YES_AGGRESSIVE;
				GCC_WARN_UNUSED_FUNCTION = YES;
				GCC_WARN_UNUSED_VARIABLE = YES;
				IPHONEOS_DEPLOYMENT_TARGET = 16.2;
				MTL_ENABLE_DEBUG_INFO = NO;
				MTL_FAST_MATH = YES;
				SDKROOT = iphoneos;
				SWIFT_COMPILATION_MODE = wholemodule;
				SWIFT_OPTIMIZATION_LEVEL = "-O";
				VALIDATE_PRODUCT = YES;
			};
			name = Release;
		};
		387A001329E451DA00F90F33 /* Debug */ = {
			isa = XCBuildConfiguration;
			buildSettings = {
				ASSETCATALOG_COMPILER_APPICON_NAME = AppIcon;
				ASSETCATALOG_COMPILER_GLOBAL_ACCENT_COLOR_NAME = AccentColor;
				CODE_SIGN_STYLE = Automatic;
				CURRENT_PROJECT_VERSION = 1;
				GENERATE_INFOPLIST_FILE = YES;
				INFOPLIST_FILE = WeatherApp/Info.plist;
				INFOPLIST_KEY_NSLocationAlwaysAndWhenInUseUsageDescription = "Weather App would like to access your Location";
				INFOPLIST_KEY_NSLocationWhenInUseUsageDescription = "Weather App would like to access your Location";
				INFOPLIST_KEY_UIApplicationSupportsIndirectInputEvents = YES;
				INFOPLIST_KEY_UILaunchStoryboardName = LaunchScreen;
				INFOPLIST_KEY_UIMainStoryboardFile = Main;
				INFOPLIST_KEY_UISupportedInterfaceOrientations_iPad = "UIInterfaceOrientationPortrait UIInterfaceOrientationPortraitUpsideDown UIInterfaceOrientationLandscapeLeft UIInterfaceOrientationLandscapeRight";
				INFOPLIST_KEY_UISupportedInterfaceOrientations_iPhone = "UIInterfaceOrientationPortrait UIInterfaceOrientationLandscapeLeft UIInterfaceOrientationLandscapeRight";
				LD_RUNPATH_SEARCH_PATHS = (
					"$(inherited)",
					"@executable_path/Frameworks",
				);
				MARKETING_VERSION = 1.0;
				PRODUCT_BUNDLE_IDENTIFIER = Globant.WeatherApp;
				PRODUCT_NAME = "$(TARGET_NAME)";
				SWIFT_EMIT_LOC_STRINGS = YES;
				SWIFT_VERSION = 5.0;
				TARGETED_DEVICE_FAMILY = "1,2";
			};
			name = Debug;
		};
		387A001429E451DA00F90F33 /* Release */ = {
			isa = XCBuildConfiguration;
			buildSettings = {
				ASSETCATALOG_COMPILER_APPICON_NAME = AppIcon;
				ASSETCATALOG_COMPILER_GLOBAL_ACCENT_COLOR_NAME = AccentColor;
				CODE_SIGN_STYLE = Automatic;
				CURRENT_PROJECT_VERSION = 1;
				GENERATE_INFOPLIST_FILE = YES;
				INFOPLIST_FILE = WeatherApp/Info.plist;
				INFOPLIST_KEY_NSLocationAlwaysAndWhenInUseUsageDescription = "Weather App would like to access your Location";
				INFOPLIST_KEY_NSLocationWhenInUseUsageDescription = "Weather App would like to access your Location";
				INFOPLIST_KEY_UIApplicationSupportsIndirectInputEvents = YES;
				INFOPLIST_KEY_UILaunchStoryboardName = LaunchScreen;
				INFOPLIST_KEY_UIMainStoryboardFile = Main;
				INFOPLIST_KEY_UISupportedInterfaceOrientations_iPad = "UIInterfaceOrientationPortrait UIInterfaceOrientationPortraitUpsideDown UIInterfaceOrientationLandscapeLeft UIInterfaceOrientationLandscapeRight";
				INFOPLIST_KEY_UISupportedInterfaceOrientations_iPhone = "UIInterfaceOrientationPortrait UIInterfaceOrientationLandscapeLeft UIInterfaceOrientationLandscapeRight";
				LD_RUNPATH_SEARCH_PATHS = (
					"$(inherited)",
					"@executable_path/Frameworks",
				);
				MARKETING_VERSION = 1.0;
				PRODUCT_BUNDLE_IDENTIFIER = Globant.WeatherApp;
				PRODUCT_NAME = "$(TARGET_NAME)";
				SWIFT_EMIT_LOC_STRINGS = YES;
				SWIFT_VERSION = 5.0;
				TARGETED_DEVICE_FAMILY = "1,2";
			};
			name = Release;
		};
		387A001629E451DA00F90F33 /* Debug */ = {
			isa = XCBuildConfiguration;
			buildSettings = {
				ALWAYS_EMBED_SWIFT_STANDARD_LIBRARIES = YES;
				BUNDLE_LOADER = "$(TEST_HOST)";
				CODE_SIGN_STYLE = Automatic;
				CURRENT_PROJECT_VERSION = 1;
				GENERATE_INFOPLIST_FILE = YES;
				IPHONEOS_DEPLOYMENT_TARGET = 16.2;
				MARKETING_VERSION = 1.0;
				PRODUCT_BUNDLE_IDENTIFIER = Globant.WeatherAppTests;
				PRODUCT_NAME = "$(TARGET_NAME)";
				SWIFT_EMIT_LOC_STRINGS = NO;
				SWIFT_VERSION = 5.0;
				TARGETED_DEVICE_FAMILY = "1,2";
				TEST_HOST = "$(BUILT_PRODUCTS_DIR)/WeatherApp.app/$(BUNDLE_EXECUTABLE_FOLDER_PATH)/WeatherApp";
			};
			name = Debug;
		};
		387A001729E451DA00F90F33 /* Release */ = {
			isa = XCBuildConfiguration;
			buildSettings = {
				ALWAYS_EMBED_SWIFT_STANDARD_LIBRARIES = YES;
				BUNDLE_LOADER = "$(TEST_HOST)";
				CODE_SIGN_STYLE = Automatic;
				CURRENT_PROJECT_VERSION = 1;
				GENERATE_INFOPLIST_FILE = YES;
				IPHONEOS_DEPLOYMENT_TARGET = 16.2;
				MARKETING_VERSION = 1.0;
				PRODUCT_BUNDLE_IDENTIFIER = Globant.WeatherAppTests;
				PRODUCT_NAME = "$(TARGET_NAME)";
				SWIFT_EMIT_LOC_STRINGS = NO;
				SWIFT_VERSION = 5.0;
				TARGETED_DEVICE_FAMILY = "1,2";
				TEST_HOST = "$(BUILT_PRODUCTS_DIR)/WeatherApp.app/$(BUNDLE_EXECUTABLE_FOLDER_PATH)/WeatherApp";
			};
			name = Release;
		};
		387A001929E451DA00F90F33 /* Debug */ = {
			isa = XCBuildConfiguration;
			buildSettings = {
				ALWAYS_EMBED_SWIFT_STANDARD_LIBRARIES = YES;
				CODE_SIGN_STYLE = Automatic;
				CURRENT_PROJECT_VERSION = 1;
				GENERATE_INFOPLIST_FILE = YES;
				MARKETING_VERSION = 1.0;
				PRODUCT_BUNDLE_IDENTIFIER = Globant.WeatherAppUITests;
				PRODUCT_NAME = "$(TARGET_NAME)";
				SWIFT_EMIT_LOC_STRINGS = NO;
				SWIFT_VERSION = 5.0;
				TARGETED_DEVICE_FAMILY = "1,2";
				TEST_TARGET_NAME = WeatherApp;
			};
			name = Debug;
		};
		387A001A29E451DA00F90F33 /* Release */ = {
			isa = XCBuildConfiguration;
			buildSettings = {
				ALWAYS_EMBED_SWIFT_STANDARD_LIBRARIES = YES;
				CODE_SIGN_STYLE = Automatic;
				CURRENT_PROJECT_VERSION = 1;
				GENERATE_INFOPLIST_FILE = YES;
				MARKETING_VERSION = 1.0;
				PRODUCT_BUNDLE_IDENTIFIER = Globant.WeatherAppUITests;
				PRODUCT_NAME = "$(TARGET_NAME)";
				SWIFT_EMIT_LOC_STRINGS = NO;
				SWIFT_VERSION = 5.0;
				TARGETED_DEVICE_FAMILY = "1,2";
				TEST_TARGET_NAME = WeatherApp;
			};
			name = Release;
		};
/* End XCBuildConfiguration section */

/* Begin XCConfigurationList section */
		387A001229E451DA00F90F33 /* Build configuration list for PBXNativeTarget "WeatherApp" */ = {
			isa = XCConfigurationList;
			buildConfigurations = (
				387A001329E451DA00F90F33 /* Debug */,
				387A001429E451DA00F90F33 /* Release */,
			);
			defaultConfigurationIsVisible = 0;
			defaultConfigurationName = Release;
		};
		387A001529E451DA00F90F33 /* Build configuration list for PBXNativeTarget "WeatherAppTests" */ = {
			isa = XCConfigurationList;
			buildConfigurations = (
				387A001629E451DA00F90F33 /* Debug */,
				387A001729E451DA00F90F33 /* Release */,
			);
			defaultConfigurationIsVisible = 0;
			defaultConfigurationName = Release;
		};
		387A001829E451DA00F90F33 /* Build configuration list for PBXNativeTarget "WeatherAppUITests" */ = {
			isa = XCConfigurationList;
			buildConfigurations = (
				387A001929E451DA00F90F33 /* Debug */,
				387A001A29E451DA00F90F33 /* Release */,
			);
			defaultConfigurationIsVisible = 0;
			defaultConfigurationName = Release;
		};
		387AFFE329E451D800F90F33 /* Build configuration list for PBXProject "WeatherApp" */ = {
			isa = XCConfigurationList;
			buildConfigurations = (
				387A001029E451DA00F90F33 /* Debug */,
				387A001129E451DA00F90F33 /* Release */,
			);
			defaultConfigurationIsVisible = 0;
			defaultConfigurationName = Release;
		};
/* End XCConfigurationList section */
	};
	rootObject = 387AFFE029E451D800F90F33 /* Project object */;
}
